
Microsoft Visual Studio Solution File, Format Version 12.00
# Visual Studio Version 16
VisualStudioVersion = 16.0.30002.166
MinimumVisualStudioVersion = 10.0.40219.1
Project("{FAE04EC0-301F-11D3-BF4B-00C04F79EFBC}") = "WorkManagement.Core", "WorkManagement.Core\WorkManagement.Core.csproj", "{12B3D828-700A-4D32-AE3F-6D3202F4D63B}"
EndProject
Project("{FAE04EC0-301F-11D3-BF4B-00C04F79EFBC}") = "WorkManagement.DAL", "WorkManagement.DAL\WorkManagement.DAL.csproj", "{77D40A24-BA0B-4799-8C7F-CBC201B7E199}"
EndProject
Project("{FAE04EC0-301F-11D3-BF4B-00C04F79EFBC}") = "WorkManagement.MVCUI", "WorkManagement.MVCUI\WorkManagement.MVCUI.csproj", "{CF7FAFCD-C253-468F-AE06-A13393E50CD1}"
EndProject
Global
	GlobalSection(SolutionConfigurationPlatforms) = preSolution
		Debug|Any CPU = Debug|Any CPU
		Release|Any CPU = Release|Any CPU
	EndGlobalSection
	GlobalSection(ProjectConfigurationPlatforms) = postSolution
		{12B3D828-700A-4D32-AE3F-6D3202F4D63B}.Debug|Any CPU.ActiveCfg = Debug|Any CPU
		{12B3D828-700A-4D32-AE3F-6D3202F4D63B}.Debug|Any CPU.Build.0 = Debug|Any CPU
		{12B3D828-700A-4D32-AE3F-6D3202F4D63B}.Release|Any CPU.ActiveCfg = Release|Any CPU
		{12B3D828-700A-4D32-AE3F-6D3202F4D63B}.Release|Any CPU.Build.0 = Release|Any CPU
		{77D40A24-BA0B-4799-8C7F-CBC201B7E199}.Debug|Any CPU.ActiveCfg = Debug|Any CPU
		{77D40A24-BA0B-4799-8C7F-CBC201B7E199}.Debug|Any CPU.Build.0 = Debug|Any CPU
		{77D40A24-BA0B-4799-8C7F-CBC201B7E199}.Release|Any CPU.ActiveCfg = Release|Any CPU
		{77D40A24-BA0B-4799-8C7F-CBC201B7E199}.Release|Any CPU.Build.0 = Release|Any CPU
		{CF7FAFCD-C253-468F-AE06-A13393E50CD1}.Debug|Any CPU.ActiveCfg = Debug|Any CPU
		{CF7FAFCD-C253-468F-AE06-A13393E50CD1}.Debug|Any CPU.Build.0 = Debug|Any CPU
		{CF7FAFCD-C253-468F-AE06-A13393E50CD1}.Release|Any CPU.ActiveCfg = Release|Any CPU
		{CF7FAFCD-C253-468F-AE06-A13393E50CD1}.Release|Any CPU.Build.0 = Release|Any CPU
	EndGlobalSection
	GlobalSection(SolutionProperties) = preSolution
		HideSolutionNode = FALSE
	EndGlobalSection
	GlobalSection(ExtensibilityGlobals) = postSolution
		SolutionGuid = {953D84C1-9BAB-45C9-A630-D54206EAD816}
	EndGlobalSection
EndGlobal
